
Microsoft Visual Studio Solution File, Format Version 12.00
# Visual Studio Version 17
VisualStudioVersion = 17.0.31903.59
MinimumVisualStudioVersion = 10.0.40219.1
Project("{9A19103F-16F7-4668-BE54-9A1E7A4F7556}") = "XrmToolSuite.TemplateTool", "src\Tools\XrmToolSuite.TemplateTool\XrmToolSuite.TemplateTool.csproj", "{A1B2C3D4-0001-4000-8000-000000000001}"
EndProject
Project("{9A19103F-16F7-4668-BE54-9A1E7A4F7556}") = "XrmToolSuite.DeploymentRiskAnalyzer", "src\Tools\XrmToolSuite.DeploymentRiskAnalyzer\XrmToolSuite.DeploymentRiskAnalyzer.csproj", "{A1B2C3D4-0002-4000-8000-000000000002}"
EndProject
Project("{FAE04EC0-301F-11D3-BF4B-00C04F79EFBC}") = "XrmToolSuite.AttributeAuditor", "src\Tools\XrmToolSuite.AttributeAuditor\XrmToolSuite.AttributeAuditor.csproj", "{3B8D7624-512A-112A-7ED7-55EA3AA4308C}"
EndProject
Project("{2150E333-8FDC-42A3-9474-1A3956D46DE8}") = "src", "src", "{827E0CD3-B72D-47B6-A68D-7590B98EB39B}"
EndProject
Project("{2150E333-8FDC-42A3-9474-1A3956D46DE8}") = "Tools", "Tools", "{DCB6FCB8-FF92-AC57-0842-1F72A354D6B1}"
EndProject
Project("{FAE04EC0-301F-11D3-BF4B-00C04F79EFBC}") = "XrmToolSuite.TechnicalDebtAnalyzer", "src\Tools\XrmToolSuite.TechnicalDebtAnalyzer\XrmToolSuite.TechnicalDebtAnalyzer.csproj", "{3C0B6B22-B850-45DF-9C4A-B99130724A6E}"
EndProject
Project("{FAE04EC0-301F-11D3-BF4B-00C04F79EFBC}") = "XrmToolSuite.SolutionComplexityScore", "src\Tools\XrmToolSuite.SolutionComplexityScore\XrmToolSuite.SolutionComplexityScore.csproj", "{2EB90796-A937-42B9-A419-A3998B6E2FF1}"
EndProject
Project("{FAE04EC0-301F-11D3-BF4B-00C04F79EFBC}") = "XrmToolSuite.AiSolutionReviewer", "src\Tools\XrmToolSuite.AiSolutionReviewer\XrmToolSuite.AiSolutionReviewer.csproj", "{C411D7E9-A8B6-4102-979B-BB7ABA154176}"
EndProject
Project("{FAE04EC0-301F-11D3-BF4B-00C04F79EFBC}") = "XrmToolSuite.SolutionKnowledgeGraph", "src\Tools\XrmToolSuite.SolutionKnowledgeGraph\XrmToolSuite.SolutionKnowledgeGraph.csproj", "{DAAA8E91-85A1-4C29-AB2C-380B5DE1E4A7}"
EndProject
Project("{FAE04EC0-301F-11D3-BF4B-00C04F79EFBC}") = "XrmToolSuite.FetchXmlPerformanceAnalyzer", "src\Tools\XrmToolSuite.FetchXmlPerformanceAnalyzer\XrmToolSuite.FetchXmlPerformanceAnalyzer.csproj", "{CAE10CFA-8D3E-464C-8D1A-CED8243902B3}"
EndProject
Project("{FAE04EC0-301F-11D3-BF4B-00C04F79EFBC}") = "XrmToolSuite.EnvironmentInventory", "src\Tools\XrmToolSuite.EnvironmentInventory\XrmToolSuite.EnvironmentInventory.csproj", "{605281A2-C1A5-47D7-8797-4C9F16910A22}"
EndProject
Project("{FAE04EC0-301F-11D3-BF4B-00C04F79EFBC}") = "XrmToolSuite.PrivilegeGapAnalyzer", "src\Tools\XrmToolSuite.PrivilegeGapAnalyzer\XrmToolSuite.PrivilegeGapAnalyzer.csproj", "{473808C4-4690-4938-A888-248EA33A3217}"
EndProject
Project("{FAE04EC0-301F-11D3-BF4B-00C04F79EFBC}") = "XrmToolSuite.ViewPerformanceAnalyzer", "src\Tools\XrmToolSuite.ViewPerformanceAnalyzer\XrmToolSuite.ViewPerformanceAnalyzer.csproj", "{3DE582EC-FE29-4D08-B5BA-A3B1CF4BB872}"
EndProject
Project("{FAE04EC0-301F-11D3-BF4B-00C04F79EFBC}") = "XrmToolSuite.TeamPermissionExplorer", "src\Tools\XrmToolSuite.TeamPermissionExplorer\XrmToolSuite.TeamPermissionExplorer.csproj", "{1C9B1D3E-5CC4-44A2-A006-B8BD738190D2}"
EndProject
Project("{FAE04EC0-301F-11D3-BF4B-00C04F79EFBC}") = "XrmToolSuite.ErdGenerator", "src\Tools\XrmToolSuite.ErdGenerator\XrmToolSuite.ErdGenerator.csproj", "{F910B735-1512-4EE3-B794-D2CCE46F6C34}"
EndProject
Project("{FAE04EC0-301F-11D3-BF4B-00C04F79EFBC}") = "XrmToolSuite.JavaScriptPerformanceAnalyzer", "src\Tools\XrmToolSuite.JavaScriptPerformanceAnalyzer\XrmToolSuite.JavaScriptPerformanceAnalyzer.csproj", "{E07F4ED1-8893-4464-945F-00FB88D36B40}"
EndProject
Project("{FAE04EC0-301F-11D3-BF4B-00C04F79EFBC}") = "XrmToolSuite.FormPerformanceAnalyzer", "src\Tools\XrmToolSuite.FormPerformanceAnalyzer\XrmToolSuite.FormPerformanceAnalyzer.csproj", "{15B3E5C4-CBA9-4866-AE3F-3E1A7596394F}"
EndProject
Project("{FAE04EC0-301F-11D3-BF4B-00C04F79EFBC}") = "XrmToolSuite.SharingAnalyzer", "src\Tools\XrmToolSuite.SharingAnalyzer\XrmToolSuite.SharingAnalyzer.csproj", "{014A17A4-80D3-4183-BE36-21AA23C0538A}"
EndProject
Project("{FAE04EC0-301F-11D3-BF4B-00C04F79EFBC}") = "XrmToolSuite.AuditComplianceChecker", "src\Tools\XrmToolSuite.AuditComplianceChecker\XrmToolSuite.AuditComplianceChecker.csproj", "{F265041D-D982-4A26-97C9-66EF6794AE0C}"
EndProject
Global
	GlobalSection(SolutionConfigurationPlatforms) = preSolution
		Debug|Any CPU = Debug|Any CPU
		Debug|x64 = Debug|x64
		Debug|x86 = Debug|x86
		Release|Any CPU = Release|Any CPU
		Release|x64 = Release|x64
		Release|x86 = Release|x86
	EndGlobalSection
	GlobalSection(ProjectConfigurationPlatforms) = postSolution
		{A1B2C3D4-0001-4000-8000-000000000001}.Debug|Any CPU.ActiveCfg = Debug|Any CPU
		{A1B2C3D4-0001-4000-8000-000000000001}.Debug|Any CPU.Build.0 = Debug|Any CPU
		{A1B2C3D4-0001-4000-8000-000000000001}.Debug|x64.ActiveCfg = Debug|Any CPU
		{A1B2C3D4-0001-4000-8000-000000000001}.Debug|x64.Build.0 = Debug|Any CPU
		{A1B2C3D4-0001-4000-8000-000000000001}.Debug|x86.ActiveCfg = Debug|Any CPU
		{A1B2C3D4-0001-4000-8000-000000000001}.Debug|x86.Build.0 = Debug|Any CPU
		{A1B2C3D4-0001-4000-8000-000000000001}.Release|Any CPU.ActiveCfg = Release|Any CPU
		{A1B2C3D4-0001-4000-8000-000000000001}.Release|Any CPU.Build.0 = Release|Any CPU
		{A1B2C3D4-0001-4000-8000-000000000001}.Release|x64.ActiveCfg = Release|Any CPU
		{A1B2C3D4-0001-4000-8000-000000000001}.Release|x64.Build.0 = Release|Any CPU
		{A1B2C3D4-0001-4000-8000-000000000001}.Release|x86.ActiveCfg = Release|Any CPU
		{A1B2C3D4-0001-4000-8000-000000000001}.Release|x86.Build.0 = Release|Any CPU
		{A1B2C3D4-0002-4000-8000-000000000002}.Debug|Any CPU.ActiveCfg = Debug|Any CPU
		{A1B2C3D4-0002-4000-8000-000000000002}.Debug|Any CPU.Build.0 = Debug|Any CPU
		{A1B2C3D4-0002-4000-8000-000000000002}.Debug|x64.ActiveCfg = Debug|Any CPU
		{A1B2C3D4-0002-4000-8000-000000000002}.Debug|x64.Build.0 = Debug|Any CPU
		{A1B2C3D4-0002-4000-8000-000000000002}.Debug|x86.ActiveCfg = Debug|Any CPU
		{A1B2C3D4-0002-4000-8000-000000000002}.Debug|x86.Build.0 = Debug|Any CPU
		{A1B2C3D4-0002-4000-8000-000000000002}.Release|Any CPU.ActiveCfg = Release|Any CPU
		{A1B2C3D4-0002-4000-8000-000000000002}.Release|Any CPU.Build.0 = Release|Any CPU
		{A1B2C3D4-0002-4000-8000-000000000002}.Release|x64.ActiveCfg = Release|Any CPU
		{A1B2C3D4-0002-4000-8000-000000000002}.Release|x64.Build.0 = Release|Any CPU
		{A1B2C3D4-0002-4000-8000-000000000002}.Release|x86.ActiveCfg = Release|Any CPU
		{A1B2C3D4-0002-4000-8000-000000000002}.Release|x86.Build.0 = Release|Any CPU
		{3B8D7624-512A-112A-7ED7-55EA3AA4308C}.Debug|Any CPU.ActiveCfg = Debug|Any CPU
		{3B8D7624-512A-112A-7ED7-55EA3AA4308C}.Debug|Any CPU.Build.0 = Debug|Any CPU
		{3B8D7624-512A-112A-7ED7-55EA3AA4308C}.Debug|x64.ActiveCfg = Debug|Any CPU
		{3B8D7624-512A-112A-7ED7-55EA3AA4308C}.Debug|x64.Build.0 = Debug|Any CPU
		{3B8D7624-512A-112A-7ED7-55EA3AA4308C}.Debug|x86.ActiveCfg = Debug|Any CPU
		{3B8D7624-512A-112A-7ED7-55EA3AA4308C}.Debug|x86.Build.0 = Debug|Any CPU
		{3B8D7624-512A-112A-7ED7-55EA3AA4308C}.Release|Any CPU.ActiveCfg = Release|Any CPU
		{3B8D7624-512A-112A-7ED7-55EA3AA4308C}.Release|Any CPU.Build.0 = Release|Any CPU
		{3B8D7624-512A-112A-7ED7-55EA3AA4308C}.Release|x64.ActiveCfg = Release|Any CPU
		{3B8D7624-512A-112A-7ED7-55EA3AA4308C}.Release|x64.Build.0 = Release|Any CPU
		{3B8D7624-512A-112A-7ED7-55EA3AA4308C}.Release|x86.ActiveCfg = Release|Any CPU
		{3B8D7624-512A-112A-7ED7-55EA3AA4308C}.Release|x86.Build.0 = Release|Any CPU
		{3C0B6B22-B850-45DF-9C4A-B99130724A6E}.Debug|Any CPU.ActiveCfg = Debug|Any CPU
		{3C0B6B22-B850-45DF-9C4A-B99130724A6E}.Debug|Any CPU.Build.0 = Debug|Any CPU
		{3C0B6B22-B850-45DF-9C4A-B99130724A6E}.Debug|x64.ActiveCfg = Debug|Any CPU
		{3C0B6B22-B850-45DF-9C4A-B99130724A6E}.Debug|x64.Build.0 = Debug|Any CPU
		{3C0B6B22-B850-45DF-9C4A-B99130724A6E}.Debug|x86.ActiveCfg = Debug|Any CPU
		{3C0B6B22-B850-45DF-9C4A-B99130724A6E}.Debug|x86.Build.0 = Debug|Any CPU
		{3C0B6B22-B850-45DF-9C4A-B99130724A6E}.Release|Any CPU.ActiveCfg = Release|Any CPU
		{3C0B6B22-B850-45DF-9C4A-B99130724A6E}.Release|Any CPU.Build.0 = Release|Any CPU
		{3C0B6B22-B850-45DF-9C4A-B99130724A6E}.Release|x64.ActiveCfg = Release|Any CPU
		{3C0B6B22-B850-45DF-9C4A-B99130724A6E}.Release|x64.Build.0 = Release|Any CPU
		{3C0B6B22-B850-45DF-9C4A-B99130724A6E}.Release|x86.ActiveCfg = Release|Any CPU
		{3C0B6B22-B850-45DF-9C4A-B99130724A6E}.Release|x86.Build.0 = Release|Any CPU
		{2EB90796-A937-42B9-A419-A3998B6E2FF1}.Debug|Any CPU.ActiveCfg = Debug|Any CPU
		{2EB90796-A937-42B9-A419-A3998B6E2FF1}.Debug|Any CPU.Build.0 = Debug|Any CPU
		{2EB90796-A937-42B9-A419-A3998B6E2FF1}.Debug|x64.ActiveCfg = Debug|Any CPU
		{2EB90796-A937-42B9-A419-A3998B6E2FF1}.Debug|x64.Build.0 = Debug|Any CPU
		{2EB90796-A937-42B9-A419-A3998B6E2FF1}.Debug|x86.ActiveCfg = Debug|Any CPU
		{2EB90796-A937-42B9-A419-A3998B6E2FF1}.Debug|x86.Build.0 = Debug|Any CPU
		{2EB90796-A937-42B9-A419-A3998B6E2FF1}.Release|Any CPU.ActiveCfg = Release|Any CPU
		{2EB90796-A937-42B9-A419-A3998B6E2FF1}.Release|Any CPU.Build.0 = Release|Any CPU
		{2EB90796-A937-42B9-A419-A3998B6E2FF1}.Release|x64.ActiveCfg = Release|Any CPU
		{2EB90796-A937-42B9-A419-A3998B6E2FF1}.Release|x64.Build.0 = Release|Any CPU
		{2EB90796-A937-42B9-A419-A3998B6E2FF1}.Release|x86.ActiveCfg = Release|Any CPU
		{2EB90796-A937-42B9-A419-A3998B6E2FF1}.Release|x86.Build.0 = Release|Any CPU
		{C411D7E9-A8B6-4102-979B-BB7ABA154176}.Debug|Any CPU.ActiveCfg = Debug|Any CPU
		{C411D7E9-A8B6-4102-979B-BB7ABA154176}.Debug|Any CPU.Build.0 = Debug|Any CPU
		{C411D7E9-A8B6-4102-979B-BB7ABA154176}.Debug|x64.ActiveCfg = Debug|Any CPU
		{C411D7E9-A8B6-4102-979B-BB7ABA154176}.Debug|x64.Build.0 = Debug|Any CPU
		{C411D7E9-A8B6-4102-979B-BB7ABA154176}.Debug|x86.ActiveCfg = Debug|Any CPU
		{C411D7E9-A8B6-4102-979B-BB7ABA154176}.Debug|x86.Build.0 = Debug|Any CPU
		{C411D7E9-A8B6-4102-979B-BB7ABA154176}.Release|Any CPU.ActiveCfg = Release|Any CPU
		{C411D7E9-A8B6-4102-979B-BB7ABA154176}.Release|Any CPU.Build.0 = Release|Any CPU
		{C411D7E9-A8B6-4102-979B-BB7ABA154176}.Release|x64.ActiveCfg = Release|Any CPU
		{C411D7E9-A8B6-4102-979B-BB7ABA154176}.Release|x64.Build.0 = Release|Any CPU
		{C411D7E9-A8B6-4102-979B-BB7ABA154176}.Release|x86.ActiveCfg = Release|Any CPU
		{C411D7E9-A8B6-4102-979B-BB7ABA154176}.Release|x86.Build.0 = Release|Any CPU
		{DAAA8E91-85A1-4C29-AB2C-380B5DE1E4A7}.Debug|Any CPU.ActiveCfg = Debug|Any CPU
		{DAAA8E91-85A1-4C29-AB2C-380B5DE1E4A7}.Debug|Any CPU.Build.0 = Debug|Any CPU
		{DAAA8E91-85A1-4C29-AB2C-380B5DE1E4A7}.Debug|x64.ActiveCfg = Debug|Any CPU
		{DAAA8E91-85A1-4C29-AB2C-380B5DE1E4A7}.Debug|x64.Build.0 = Debug|Any CPU
		{DAAA8E91-85A1-4C29-AB2C-380B5DE1E4A7}.Debug|x86.ActiveCfg = Debug|Any CPU
		{DAAA8E91-85A1-4C29-AB2C-380B5DE1E4A7}.Debug|x86.Build.0 = Debug|Any CPU
		{DAAA8E91-85A1-4C29-AB2C-380B5DE1E4A7}.Release|Any CPU.ActiveCfg = Release|Any CPU
		{DAAA8E91-85A1-4C29-AB2C-380B5DE1E4A7}.Release|Any CPU.Build.0 = Release|Any CPU
		{DAAA8E91-85A1-4C29-AB2C-380B5DE1E4A7}.Release|x64.ActiveCfg = Release|Any CPU
		{DAAA8E91-85A1-4C29-AB2C-380B5DE1E4A7}.Release|x64.Build.0 = Release|Any CPU
		{DAAA8E91-85A1-4C29-AB2C-380B5DE1E4A7}.Release|x86.ActiveCfg = Release|Any CPU
		{DAAA8E91-85A1-4C29-AB2C-380B5DE1E4A7}.Release|x86.Build.0 = Release|Any CPU
		{CAE10CFA-8D3E-464C-8D1A-CED8243902B3}.Debug|Any CPU.ActiveCfg = Debug|Any CPU
		{CAE10CFA-8D3E-464C-8D1A-CED8243902B3}.Debug|Any CPU.Build.0 = Debug|Any CPU
		{CAE10CFA-8D3E-464C-8D1A-CED8243902B3}.Debug|x64.ActiveCfg = Debug|Any CPU
		{CAE10CFA-8D3E-464C-8D1A-CED8243902B3}.Debug|x64.Build.0 = Debug|Any CPU
		{CAE10CFA-8D3E-464C-8D1A-CED8243902B3}.Debug|x86.ActiveCfg = Debug|Any CPU
		{CAE10CFA-8D3E-464C-8D1A-CED8243902B3}.Debug|x86.Build.0 = Debug|Any CPU
		{CAE10CFA-8D3E-464C-8D1A-CED8243902B3}.Release|Any CPU.ActiveCfg = Release|Any CPU
		{CAE10CFA-8D3E-464C-8D1A-CED8243902B3}.Release|Any CPU.Build.0 = Release|Any CPU
		{CAE10CFA-8D3E-464C-8D1A-CED8243902B3}.Release|x64.ActiveCfg = Release|Any CPU
		{CAE10CFA-8D3E-464C-8D1A-CED8243902B3}.Release|x64.Build.0 = Release|Any CPU
		{CAE10CFA-8D3E-464C-8D1A-CED8243902B3}.Release|x86.ActiveCfg = Release|Any CPU
		{CAE10CFA-8D3E-464C-8D1A-CED8243902B3}.Release|x86.Build.0 = Release|Any CPU
		{605281A2-C1A5-47D7-8797-4C9F16910A22}.Debug|Any CPU.ActiveCfg = Debug|Any CPU
		{605281A2-C1A5-47D7-8797-4C9F16910A22}.Debug|Any CPU.Build.0 = Debug|Any CPU
		{605281A2-C1A5-47D7-8797-4C9F16910A22}.Debug|x64.ActiveCfg = Debug|Any CPU
		{605281A2-C1A5-47D7-8797-4C9F16910A22}.Debug|x64.Build.0 = Debug|Any CPU
		{605281A2-C1A5-47D7-8797-4C9F16910A22}.Debug|x86.ActiveCfg = Debug|Any CPU
		{605281A2-C1A5-47D7-8797-4C9F16910A22}.Debug|x86.Build.0 = Debug|Any CPU
		{605281A2-C1A5-47D7-8797-4C9F16910A22}.Release|Any CPU.ActiveCfg = Release|Any CPU
		{605281A2-C1A5-47D7-8797-4C9F16910A22}.Release|Any CPU.Build.0 = Release|Any CPU
		{605281A2-C1A5-47D7-8797-4C9F16910A22}.Release|x64.ActiveCfg = Release|Any CPU
		{605281A2-C1A5-47D7-8797-4C9F16910A22}.Release|x64.Build.0 = Release|Any CPU
		{605281A2-C1A5-47D7-8797-4C9F16910A22}.Release|x86.ActiveCfg = Release|Any CPU
		{605281A2-C1A5-47D7-8797-4C9F16910A22}.Release|x86.Build.0 = Release|Any CPU
		{473808C4-4690-4938-A888-248EA33A3217}.Debug|Any CPU.ActiveCfg = Debug|Any CPU
		{473808C4-4690-4938-A888-248EA33A3217}.Debug|Any CPU.Build.0 = Debug|Any CPU
		{473808C4-4690-4938-A888-248EA33A3217}.Debug|x64.ActiveCfg = Debug|Any CPU
		{473808C4-4690-4938-A888-248EA33A3217}.Debug|x64.Build.0 = Debug|Any CPU
		{473808C4-4690-4938-A888-248EA33A3217}.Debug|x86.ActiveCfg = Debug|Any CPU
		{473808C4-4690-4938-A888-248EA33A3217}.Debug|x86.Build.0 = Debug|Any CPU
		{473808C4-4690-4938-A888-248EA33A3217}.Release|Any CPU.ActiveCfg = Release|Any CPU
		{473808C4-4690-4938-A888-248EA33A3217}.Release|Any CPU.Build.0 = Release|Any CPU
		{473808C4-4690-4938-A888-248EA33A3217}.Release|x64.ActiveCfg = Release|Any CPU
		{473808C4-4690-4938-A888-248EA33A3217}.Release|x64.Build.0 = Release|Any CPU
		{473808C4-4690-4938-A888-248EA33A3217}.Release|x86.ActiveCfg = Release|Any CPU
		{473808C4-4690-4938-A888-248EA33A3217}.Release|x86.Build.0 = Release|Any CPU
		{3DE582EC-FE29-4D08-B5BA-A3B1CF4BB872}.Debug|Any CPU.ActiveCfg = Debug|Any CPU
		{3DE582EC-FE29-4D08-B5BA-A3B1CF4BB872}.Debug|Any CPU.Build.0 = Debug|Any CPU
		{3DE582EC-FE29-4D08-B5BA-A3B1CF4BB872}.Debug|x64.ActiveCfg = Debug|Any CPU
		{3DE582EC-FE29-4D08-B5BA-A3B1CF4BB872}.Debug|x64.Build.0 = Debug|Any CPU
		{3DE582EC-FE29-4D08-B5BA-A3B1CF4BB872}.Debug|x86.ActiveCfg = Debug|Any CPU
		{3DE582EC-FE29-4D08-B5BA-A3B1CF4BB872}.Debug|x86.Build.0 = Debug|Any CPU
		{3DE582EC-FE29-4D08-B5BA-A3B1CF4BB872}.Release|Any CPU.ActiveCfg = Release|Any CPU
		{3DE582EC-FE29-4D08-B5BA-A3B1CF4BB872}.Release|Any CPU.Build.0 = Release|Any CPU
		{3DE582EC-FE29-4D08-B5BA-A3B1CF4BB872}.Release|x64.ActiveCfg = Release|Any CPU
		{3DE582EC-FE29-4D08-B5BA-A3B1CF4BB872}.Release|x64.Build.0 = Release|Any CPU
		{3DE582EC-FE29-4D08-B5BA-A3B1CF4BB872}.Release|x86.ActiveCfg = Release|Any CPU
		{3DE582EC-FE29-4D08-B5BA-A3B1CF4BB872}.Release|x86.Build.0 = Release|Any CPU
		{1C9B1D3E-5CC4-44A2-A006-B8BD738190D2}.Debug|Any CPU.ActiveCfg = Debug|Any CPU
		{1C9B1D3E-5CC4-44A2-A006-B8BD738190D2}.Debug|Any CPU.Build.0 = Debug|Any CPU
		{1C9B1D3E-5CC4-44A2-A006-B8BD738190D2}.Debug|x64.ActiveCfg = Debug|Any CPU
		{1C9B1D3E-5CC4-44A2-A006-B8BD738190D2}.Debug|x64.Build.0 = Debug|Any CPU
		{1C9B1D3E-5CC4-44A2-A006-B8BD738190D2}.Debug|x86.ActiveCfg = Debug|Any CPU
		{1C9B1D3E-5CC4-44A2-A006-B8BD738190D2}.Debug|x86.Build.0 = Debug|Any CPU
		{1C9B1D3E-5CC4-44A2-A006-B8BD738190D2}.Release|Any CPU.ActiveCfg = Release|Any CPU
		{1C9B1D3E-5CC4-44A2-A006-B8BD738190D2}.Release|Any CPU.Build.0 = Release|Any CPU
		{1C9B1D3E-5CC4-44A2-A006-B8BD738190D2}.Release|x64.ActiveCfg = Release|Any CPU
		{1C9B1D3E-5CC4-44A2-A006-B8BD738190D2}.Release|x64.Build.0 = Release|Any CPU
		{1C9B1D3E-5CC4-44A2-A006-B8BD738190D2}.Release|x86.ActiveCfg = Release|Any CPU
		{1C9B1D3E-5CC4-44A2-A006-B8BD738190D2}.Release|x86.Build.0 = Release|Any CPU
		{F910B735-1512-4EE3-B794-D2CCE46F6C34}.Debug|Any CPU.ActiveCfg = Debug|Any CPU
		{F910B735-1512-4EE3-B794-D2CCE46F6C34}.Debug|Any CPU.Build.0 = Debug|Any CPU
		{F910B735-1512-4EE3-B794-D2CCE46F6C34}.Debug|x64.ActiveCfg = Debug|Any CPU
		{F910B735-1512-4EE3-B794-D2CCE46F6C34}.Debug|x64.Build.0 = Debug|Any CPU
		{F910B735-1512-4EE3-B794-D2CCE46F6C34}.Debug|x86.ActiveCfg = Debug|Any CPU
		{F910B735-1512-4EE3-B794-D2CCE46F6C34}.Debug|x86.Build.0 = Debug|Any CPU
		{F910B735-1512-4EE3-B794-D2CCE46F6C34}.Release|Any CPU.ActiveCfg = Release|Any CPU
		{F910B735-1512-4EE3-B794-D2CCE46F6C34}.Release|Any CPU.Build.0 = Release|Any CPU
		{F910B735-1512-4EE3-B794-D2CCE46F6C34}.Release|x64.ActiveCfg = Release|Any CPU
		{F910B735-1512-4EE3-B794-D2CCE46F6C34}.Release|x64.Build.0 = Release|Any CPU
		{F910B735-1512-4EE3-B794-D2CCE46F6C34}.Release|x86.ActiveCfg = Release|Any CPU
		{F910B735-1512-4EE3-B794-D2CCE46F6C34}.Release|x86.Build.0 = Release|Any CPU
		{E07F4ED1-8893-4464-945F-00FB88D36B40}.Debug|Any CPU.ActiveCfg = Debug|Any CPU
		{E07F4ED1-8893-4464-945F-00FB88D36B40}.Debug|Any CPU.Build.0 = Debug|Any CPU
		{E07F4ED1-8893-4464-945F-00FB88D36B40}.Debug|x64.ActiveCfg = Debug|Any CPU
		{E07F4ED1-8893-4464-945F-00FB88D36B40}.Debug|x64.Build.0 = Debug|Any CPU
		{E07F4ED1-8893-4464-945F-00FB88D36B40}.Debug|x86.ActiveCfg = Debug|Any CPU
		{E07F4ED1-8893-4464-945F-00FB88D36B40}.Debug|x86.Build.0 = Debug|Any CPU
		{E07F4ED1-8893-4464-945F-00FB88D36B40}.Release|Any CPU.ActiveCfg = Release|Any CPU
		{E07F4ED1-8893-4464-945F-00FB88D36B40}.Release|Any CPU.Build.0 = Release|Any CPU
		{E07F4ED1-8893-4464-945F-00FB88D36B40}.Release|x64.ActiveCfg = Release|Any CPU
		{E07F4ED1-8893-4464-945F-00FB88D36B40}.Release|x64.Build.0 = Release|Any CPU
		{E07F4ED1-8893-4464-945F-00FB88D36B40}.Release|x86.ActiveCfg = Release|Any CPU
		{E07F4ED1-8893-4464-945F-00FB88D36B40}.Release|x86.Build.0 = Release|Any CPU
		{15B3E5C4-CBA9-4866-AE3F-3E1A7596394F}.Debug|Any CPU.ActiveCfg = Debug|Any CPU
		{15B3E5C4-CBA9-4866-AE3F-3E1A7596394F}.Debug|Any CPU.Build.0 = Debug|Any CPU
		{15B3E5C4-CBA9-4866-AE3F-3E1A7596394F}.Debug|x64.ActiveCfg = Debug|Any CPU
		{15B3E5C4-CBA9-4866-AE3F-3E1A7596394F}.Debug|x64.Build.0 = Debug|Any CPU
		{15B3E5C4-CBA9-4866-AE3F-3E1A7596394F}.Debug|x86.ActiveCfg = Debug|Any CPU
		{15B3E5C4-CBA9-4866-AE3F-3E1A7596394F}.Debug|x86.Build.0 = Debug|Any CPU
		{15B3E5C4-CBA9-4866-AE3F-3E1A7596394F}.Release|Any CPU.ActiveCfg = Release|Any CPU
		{15B3E5C4-CBA9-4866-AE3F-3E1A7596394F}.Release|Any CPU.Build.0 = Release|Any CPU
		{15B3E5C4-CBA9-4866-AE3F-3E1A7596394F}.Release|x64.ActiveCfg = Release|Any CPU
		{15B3E5C4-CBA9-4866-AE3F-3E1A7596394F}.Release|x64.Build.0 = Release|Any CPU
		{15B3E5C4-CBA9-4866-AE3F-3E1A7596394F}.Release|x86.ActiveCfg = Release|Any CPU
		{15B3E5C4-CBA9-4866-AE3F-3E1A7596394F}.Release|x86.Build.0 = Release|Any CPU
		{014A17A4-80D3-4183-BE36-21AA23C0538A}.Debug|Any CPU.ActiveCfg = Debug|Any CPU
		{014A17A4-80D3-4183-BE36-21AA23C0538A}.Debug|Any CPU.Build.0 = Debug|Any CPU
		{014A17A4-80D3-4183-BE36-21AA23C0538A}.Debug|x64.ActiveCfg = Debug|Any CPU
		{014A17A4-80D3-4183-BE36-21AA23C0538A}.Debug|x64.Build.0 = Debug|Any CPU
		{014A17A4-80D3-4183-BE36-21AA23C0538A}.Debug|x86.ActiveCfg = Debug|Any CPU
		{014A17A4-80D3-4183-BE36-21AA23C0538A}.Debug|x86.Build.0 = Debug|Any CPU
		{014A17A4-80D3-4183-BE36-21AA23C0538A}.Release|Any CPU.ActiveCfg = Release|Any CPU
		{014A17A4-80D3-4183-BE36-21AA23C0538A}.Release|Any CPU.Build.0 = Release|Any CPU
		{014A17A4-80D3-4183-BE36-21AA23C0538A}.Release|x64.ActiveCfg = Release|Any CPU
		{014A17A4-80D3-4183-BE36-21AA23C0538A}.Release|x64.Build.0 = Release|Any CPU
		{014A17A4-80D3-4183-BE36-21AA23C0538A}.Release|x86.ActiveCfg = Release|Any CPU
		{014A17A4-80D3-4183-BE36-21AA23C0538A}.Release|x86.Build.0 = Release|Any CPU
		{F265041D-D982-4A26-97C9-66EF6794AE0C}.Debug|Any CPU.ActiveCfg = Debug|Any CPU
		{F265041D-D982-4A26-97C9-66EF6794AE0C}.Debug|Any CPU.Build.0 = Debug|Any CPU
		{F265041D-D982-4A26-97C9-66EF6794AE0C}.Debug|x64.ActiveCfg = Debug|Any CPU
		{F265041D-D982-4A26-97C9-66EF6794AE0C}.Debug|x64.Build.0 = Debug|Any CPU
		{F265041D-D982-4A26-97C9-66EF6794AE0C}.Debug|x86.ActiveCfg = Debug|Any CPU
		{F265041D-D982-4A26-97C9-66EF6794AE0C}.Debug|x86.Build.0 = Debug|Any CPU
		{F265041D-D982-4A26-97C9-66EF6794AE0C}.Release|Any CPU.ActiveCfg = Release|Any CPU
		{F265041D-D982-4A26-97C9-66EF6794AE0C}.Release|Any CPU.Build.0 = Release|Any CPU
		{F265041D-D982-4A26-97C9-66EF6794AE0C}.Release|x64.ActiveCfg = Release|Any CPU
		{F265041D-D982-4A26-97C9-66EF6794AE0C}.Release|x64.Build.0 = Release|Any CPU
		{F265041D-D982-4A26-97C9-66EF6794AE0C}.Release|x86.ActiveCfg = Release|Any CPU
		{F265041D-D982-4A26-97C9-66EF6794AE0C}.Release|x86.Build.0 = Release|Any CPU
	EndGlobalSection
	GlobalSection(SolutionProperties) = preSolution
		HideSolutionNode = FALSE
	EndGlobalSection
	GlobalSection(NestedProjects) = preSolution
		{DCB6FCB8-FF92-AC57-0842-1F72A354D6B1} = {827E0CD3-B72D-47B6-A68D-7590B98EB39B}
		{3C0B6B22-B850-45DF-9C4A-B99130724A6E} = {DCB6FCB8-FF92-AC57-0842-1F72A354D6B1}
		{2EB90796-A937-42B9-A419-A3998B6E2FF1} = {DCB6FCB8-FF92-AC57-0842-1F72A354D6B1}
		{C411D7E9-A8B6-4102-979B-BB7ABA154176} = {DCB6FCB8-FF92-AC57-0842-1F72A354D6B1}
		{DAAA8E91-85A1-4C29-AB2C-380B5DE1E4A7} = {DCB6FCB8-FF92-AC57-0842-1F72A354D6B1}
		{CAE10CFA-8D3E-464C-8D1A-CED8243902B3} = {DCB6FCB8-FF92-AC57-0842-1F72A354D6B1}
		{605281A2-C1A5-47D7-8797-4C9F16910A22} = {DCB6FCB8-FF92-AC57-0842-1F72A354D6B1}
		{473808C4-4690-4938-A888-248EA33A3217} = {DCB6FCB8-FF92-AC57-0842-1F72A354D6B1}
		{3DE582EC-FE29-4D08-B5BA-A3B1CF4BB872} = {DCB6FCB8-FF92-AC57-0842-1F72A354D6B1}
		{1C9B1D3E-5CC4-44A2-A006-B8BD738190D2} = {DCB6FCB8-FF92-AC57-0842-1F72A354D6B1}
		{F910B735-1512-4EE3-B794-D2CCE46F6C34} = {DCB6FCB8-FF92-AC57-0842-1F72A354D6B1}
		{E07F4ED1-8893-4464-945F-00FB88D36B40} = {DCB6FCB8-FF92-AC57-0842-1F72A354D6B1}
		{15B3E5C4-CBA9-4866-AE3F-3E1A7596394F} = {DCB6FCB8-FF92-AC57-0842-1F72A354D6B1}
		{014A17A4-80D3-4183-BE36-21AA23C0538A} = {DCB6FCB8-FF92-AC57-0842-1F72A354D6B1}
		{F265041D-D982-4A26-97C9-66EF6794AE0C} = {DCB6FCB8-FF92-AC57-0842-1F72A354D6B1}
	EndGlobalSection
EndGlobal
